// !$*UTF8*$!
{
	archiveVersion = 1;
	classes = {
	};
	objectVersion = 55;
	objects = {

/* Begin PBXBuildFile section */
		C993DB0A27581E15000A7001 /* UIConstants.swift in Sources */ = {isa = PBXBuildFile; fileRef = C993DB0927581E15000A7001 /* UIConstants.swift */; };
		C993DB0E275824DE000A7001 /* ScoreDetailsVM.swift in Sources */ = {isa = PBXBuildFile; fileRef = C993DB0D275824DE000A7001 /* ScoreDetailsVM.swift */; };
		C993DB10275953B2000A7001 /* CreditScoreCircularView.swift in Sources */ = {isa = PBXBuildFile; fileRef = C993DB0F275953B2000A7001 /* CreditScoreCircularView.swift */; };
		C993DB12275A8933000A7001 /* UIViewController.swift in Sources */ = {isa = PBXBuildFile; fileRef = C993DB11275A8933000A7001 /* UIViewController.swift */; };
		C993DB21275B9E02000A7001 /* NetworkProviderTests.swift in Sources */ = {isa = PBXBuildFile; fileRef = C993DB20275B9E02000A7001 /* NetworkProviderTests.swift */; };
		C993DB2A275BB2C3000A7001 /* CreditReportStub.swift in Sources */ = {isa = PBXBuildFile; fileRef = C993DB29275BB2C3000A7001 /* CreditReportStub.swift */; };
		C993DB30275BB761000A7001 /* NetworkExecutorBehavior.swift in Sources */ = {isa = PBXBuildFile; fileRef = C993DB2F275BB761000A7001 /* NetworkExecutorBehavior.swift */; };
		C993DB32275BB7A3000A7001 /* CustomizableNetworkExecutor.swift in Sources */ = {isa = PBXBuildFile; fileRef = C993DB31275BB7A3000A7001 /* CustomizableNetworkExecutor.swift */; };
		C993DB34275D3EED000A7001 /* ScoreDashboardVMTests.swift in Sources */ = {isa = PBXBuildFile; fileRef = C993DB33275D3EED000A7001 /* ScoreDashboardVMTests.swift */; };
		C993DB38275D40FC000A7001 /* MockCreditReportService.swift in Sources */ = {isa = PBXBuildFile; fileRef = C993DB37275D40FC000A7001 /* MockCreditReportService.swift */; };
		C9A39DEB274C3C1B00991003 /* AppDelegate.swift in Sources */ = {isa = PBXBuildFile; fileRef = C9A39DEA274C3C1B00991003 /* AppDelegate.swift */; };
		C9A39DED274C3C1B00991003 /* SceneDelegate.swift in Sources */ = {isa = PBXBuildFile; fileRef = C9A39DEC274C3C1B00991003 /* SceneDelegate.swift */; };
		C9A39DF4274C3C1F00991003 /* Assets.xcassets in Resources */ = {isa = PBXBuildFile; fileRef = C9A39DF3274C3C1F00991003 /* Assets.xcassets */; };
		C9A39DF7274C3C1F00991003 /* LaunchScreen.storyboard in Resources */ = {isa = PBXBuildFile; fileRef = C9A39DF5274C3C1F00991003 /* LaunchScreen.storyboard */; };
		C9A39E02274C51A100991003 /* ClearScoreData.swift in Sources */ = {isa = PBXBuildFile; fileRef = C9A39E01274C51A100991003 /* ClearScoreData.swift */; };
		C9A39E04274C530A00991003 /* NetworkProvider.swift in Sources */ = {isa = PBXBuildFile; fileRef = C9A39E03274C530A00991003 /* NetworkProvider.swift */; };
		C9A39E06274C540700991003 /* NetworkError.swift in Sources */ = {isa = PBXBuildFile; fileRef = C9A39E05274C540700991003 /* NetworkError.swift */; };
		C9A39E08274C548800991003 /* NetworkExecutor.swift in Sources */ = {isa = PBXBuildFile; fileRef = C9A39E07274C548800991003 /* NetworkExecutor.swift */; };
		C9A39E0A274C550C00991003 /* CreditReportService.swift in Sources */ = {isa = PBXBuildFile; fileRef = C9A39E09274C550C00991003 /* CreditReportService.swift */; };
		C9A39E0D274C56C800991003 /* URLSession.swift in Sources */ = {isa = PBXBuildFile; fileRef = C9A39E0C274C56C800991003 /* URLSession.swift */; };
		C9A39E0F274D864A00991003 /* ScoreDashboardVC.swift in Sources */ = {isa = PBXBuildFile; fileRef = C9A39E0E274D864A00991003 /* ScoreDashboardVC.swift */; };
		C9A39E11274D877800991003 /* ScoreDashboardView.swift in Sources */ = {isa = PBXBuildFile; fileRef = C9A39E10274D877800991003 /* ScoreDashboardView.swift */; };
		C9A39E13274D89A100991003 /* ClearScoreDashboardNavigationController.swift in Sources */ = {isa = PBXBuildFile; fileRef = C9A39E12274D89A100991003 /* ClearScoreDashboardNavigationController.swift */; };
		C9A39E17274D9F2300991003 /* ScoreDashboardVM.swift in Sources */ = {isa = PBXBuildFile; fileRef = C9A39E16274D9F2300991003 /* ScoreDashboardVM.swift */; };
		C9A39E1B2755683A00991003 /* ScoreDetailsVC.swift in Sources */ = {isa = PBXBuildFile; fileRef = C9A39E1A275566A300991003 /* ScoreDetailsVC.swift */; };
		C9A39E1C2755683D00991003 /* ScoreDetailsView.swift in Sources */ = {isa = PBXBuildFile; fileRef = C9A39E192755655800991003 /* ScoreDetailsView.swift */; };
/* End PBXBuildFile section */

/* Begin PBXContainerItemProxy section */
		C993DB1B275B985E000A7001 /* PBXContainerItemProxy */ = {
			isa = PBXContainerItemProxy;
			containerPortal = C9A39DDF274C3C1B00991003 /* Project object */;
			proxyType = 1;
			remoteGlobalIDString = C9A39DE6274C3C1B00991003;
			remoteInfo = ClearScoreDashboard;
		};
/* End PBXContainerItemProxy section */

/* Begin PBXFileReference section */
		C993DB0927581E15000A7001 /* UIConstants.swift */ = {isa = PBXFileReference; lastKnownFileType = sourcecode.swift; path = UIConstants.swift; sourceTree = "<group>"; };
		C993DB0D275824DE000A7001 /* ScoreDetailsVM.swift */ = {isa = PBXFileReference; lastKnownFileType = sourcecode.swift; path = ScoreDetailsVM.swift; sourceTree = "<group>"; };
		C993DB0F275953B2000A7001 /* CreditScoreCircularView.swift */ = {isa = PBXFileReference; lastKnownFileType = sourcecode.swift; path = CreditScoreCircularView.swift; sourceTree = "<group>"; };
		C993DB11275A8933000A7001 /* UIViewController.swift */ = {isa = PBXFileReference; lastKnownFileType = sourcecode.swift; path = UIViewController.swift; sourceTree = "<group>"; };
		C993DB17275B985E000A7001 /* ClearScoreDashboardTests.xctest */ = {isa = PBXFileReference; explicitFileType = wrapper.cfbundle; includeInIndex = 0; path = ClearScoreDashboardTests.xctest; sourceTree = BUILT_PRODUCTS_DIR; };
		C993DB20275B9E02000A7001 /* NetworkProviderTests.swift */ = {isa = PBXFileReference; lastKnownFileType = sourcecode.swift; path = NetworkProviderTests.swift; sourceTree = "<group>"; };
		C993DB29275BB2C3000A7001 /* CreditReportStub.swift */ = {isa = PBXFileReference; lastKnownFileType = sourcecode.swift; path = CreditReportStub.swift; sourceTree = "<group>"; };
		C993DB2F275BB761000A7001 /* NetworkExecutorBehavior.swift */ = {isa = PBXFileReference; lastKnownFileType = sourcecode.swift; path = NetworkExecutorBehavior.swift; sourceTree = "<group>"; };
		C993DB31275BB7A3000A7001 /* CustomizableNetworkExecutor.swift */ = {isa = PBXFileReference; lastKnownFileType = sourcecode.swift; path = CustomizableNetworkExecutor.swift; sourceTree = "<group>"; };
		C993DB33275D3EED000A7001 /* ScoreDashboardVMTests.swift */ = {isa = PBXFileReference; lastKnownFileType = sourcecode.swift; path = ScoreDashboardVMTests.swift; sourceTree = "<group>"; };
		C993DB37275D40FC000A7001 /* MockCreditReportService.swift */ = {isa = PBXFileReference; lastKnownFileType = sourcecode.swift; path = MockCreditReportService.swift; sourceTree = "<group>"; };
		C9A39DE7274C3C1B00991003 /* ClearScoreDashboard.app */ = {isa = PBXFileReference; explicitFileType = wrapper.application; includeInIndex = 0; path = ClearScoreDashboard.app; sourceTree = BUILT_PRODUCTS_DIR; };
		C9A39DEA274C3C1B00991003 /* AppDelegate.swift */ = {isa = PBXFileReference; lastKnownFileType = sourcecode.swift; path = AppDelegate.swift; sourceTree = "<group>"; };
		C9A39DEC274C3C1B00991003 /* SceneDelegate.swift */ = {isa = PBXFileReference; lastKnownFileType = sourcecode.swift; path = SceneDelegate.swift; sourceTree = "<group>"; };
		C9A39DF3274C3C1F00991003 /* Assets.xcassets */ = {isa = PBXFileReference; lastKnownFileType = folder.assetcatalog; path = Assets.xcassets; sourceTree = "<group>"; };
		C9A39DF6274C3C1F00991003 /* Base */ = {isa = PBXFileReference; lastKnownFileType = file.storyboard; name = Base; path = Base.lproj/LaunchScreen.storyboard; sourceTree = "<group>"; };
		C9A39DF8274C3C1F00991003 /* Info.plist */ = {isa = PBXFileReference; lastKnownFileType = text.plist.xml; path = Info.plist; sourceTree = "<group>"; };
		C9A39E01274C51A100991003 /* ClearScoreData.swift */ = {isa = PBXFileReference; lastKnownFileType = sourcecode.swift; path = ClearScoreData.swift; sourceTree = "<group>"; };
		C9A39E03274C530A00991003 /* NetworkProvider.swift */ = {isa = PBXFileReference; lastKnownFileType = sourcecode.swift; path = NetworkProvider.swift; sourceTree = "<group>"; };
		C9A39E05274C540700991003 /* NetworkError.swift */ = {isa = PBXFileReference; lastKnownFileType = sourcecode.swift; path = NetworkError.swift; sourceTree = "<group>"; };
		C9A39E07274C548800991003 /* NetworkExecutor.swift */ = {isa = PBXFileReference; lastKnownFileType = sourcecode.swift; path = NetworkExecutor.swift; sourceTree = "<group>"; };
		C9A39E09274C550C00991003 /* CreditReportService.swift */ = {isa = PBXFileReference; lastKnownFileType = sourcecode.swift; path = CreditReportService.swift; sourceTree = "<group>"; };
		C9A39E0C274C56C800991003 /* URLSession.swift */ = {isa = PBXFileReference; lastKnownFileType = sourcecode.swift; path = URLSession.swift; sourceTree = "<group>"; };
		C9A39E0E274D864A00991003 /* ScoreDashboardVC.swift */ = {isa = PBXFileReference; lastKnownFileType = sourcecode.swift; path = ScoreDashboardVC.swift; sourceTree = "<group>"; };
		C9A39E10274D877800991003 /* ScoreDashboardView.swift */ = {isa = PBXFileReference; lastKnownFileType = sourcecode.swift; path = ScoreDashboardView.swift; sourceTree = "<group>"; };
		C9A39E12274D89A100991003 /* ClearScoreDashboardNavigationController.swift */ = {isa = PBXFileReference; lastKnownFileType = sourcecode.swift; path = ClearScoreDashboardNavigationController.swift; sourceTree = "<group>"; };
		C9A39E16274D9F2300991003 /* ScoreDashboardVM.swift */ = {isa = PBXFileReference; lastKnownFileType = sourcecode.swift; path = ScoreDashboardVM.swift; sourceTree = "<group>"; };
		C9A39E192755655800991003 /* ScoreDetailsView.swift */ = {isa = PBXFileReference; lastKnownFileType = sourcecode.swift; path = ScoreDetailsView.swift; sourceTree = "<group>"; };
		C9A39E1A275566A300991003 /* ScoreDetailsVC.swift */ = {isa = PBXFileReference; lastKnownFileType = sourcecode.swift; path = ScoreDetailsVC.swift; sourceTree = "<group>"; };
/* End PBXFileReference section */

/* Begin PBXFrameworksBuildPhase section */
		C993DB14275B985E000A7001 /* Frameworks */ = {
			isa = PBXFrameworksBuildPhase;
			buildActionMask = 2147483647;
			files = (
			);
			runOnlyForDeploymentPostprocessing = 0;
		};
		C9A39DE4274C3C1B00991003 /* Frameworks */ = {
			isa = PBXFrameworksBuildPhase;
			buildActionMask = 2147483647;
			files = (
			);
			runOnlyForDeploymentPostprocessing = 0;
		};
/* End PBXFrameworksBuildPhase section */

/* Begin PBXGroup section */
		C993DB0827581DE4000A7001 /* Utils */ = {
			isa = PBXGroup;
			children = (
				C993DB0927581E15000A7001 /* UIConstants.swift */,
			);
			path = Utils;
			sourceTree = "<group>";
		};
		C993DB18275B985E000A7001 /* ClearScoreDashboardTests */ = {
			isa = PBXGroup;
			children = (
				C993DB22275B9EE8000A7001 /* Helpers */,
			);
			path = ClearScoreDashboardTests;
			sourceTree = "<group>";
		};
		C993DB22275B9EE8000A7001 /* Helpers */ = {
			isa = PBXGroup;
			children = (
				C993DB37275D40FC000A7001 /* MockCreditReportService.swift */,
				C993DB29275BB2C3000A7001 /* CreditReportStub.swift */,
				C993DB2F275BB761000A7001 /* NetworkExecutorBehavior.swift */,
				C993DB31275BB7A3000A7001 /* CustomizableNetworkExecutor.swift */,
			);
			path = Helpers;
			sourceTree = "<group>";
		};
		C9A39DDE274C3C1B00991003 = {
			isa = PBXGroup;
			children = (
				C9A39DE9274C3C1B00991003 /* ClearScoreDashboard */,
				C993DB18275B985E000A7001 /* ClearScoreDashboardTests */,
				C993DB20275B9E02000A7001 /* NetworkProviderTests.swift */,
				C993DB33275D3EED000A7001 /* ScoreDashboardVMTests.swift */,
				C9A39DE8274C3C1B00991003 /* Products */,
			);
			sourceTree = "<group>";
		};
		C9A39DE8274C3C1B00991003 /* Products */ = {
			isa = PBXGroup;
			children = (
				C9A39DE7274C3C1B00991003 /* ClearScoreDashboard.app */,
				C993DB17275B985E000A7001 /* ClearScoreDashboardTests.xctest */,
			);
			name = Products;
			sourceTree = "<group>";
		};
		C9A39DE9274C3C1B00991003 /* ClearScoreDashboard */ = {
			isa = PBXGroup;
			children = (
				C9A39DFE274C4F1400991003 /* Delegates */,
				C993DB0827581DE4000A7001 /* Utils */,
				C9A39E0B274C558E00991003 /* Extensions */,
				C9A39DFF274C4F8A00991003 /* Model */,
				C9A39E00274C502B00991003 /* Networking */,
				C9A39E15274D9E5300991003 /* ScoreDashboardView */,
				C9A39E182755653A00991003 /* ScoreDetailsView */,
				C9A39E14274D9E3500991003 /* Shared */,
				C9A39DF3274C3C1F00991003 /* Assets.xcassets */,
				C9A39DF5274C3C1F00991003 /* LaunchScreen.storyboard */,
				C9A39DF8274C3C1F00991003 /* Info.plist */,
			);
			path = ClearScoreDashboard;
			sourceTree = "<group>";
		};
		C9A39DFE274C4F1400991003 /* Delegates */ = {
			isa = PBXGroup;
			children = (
				C9A39DEA274C3C1B00991003 /* AppDelegate.swift */,
				C9A39DEC274C3C1B00991003 /* SceneDelegate.swift */,
			);
			path = Delegates;
			sourceTree = "<group>";
		};
		C9A39DFF274C4F8A00991003 /* Model */ = {
			isa = PBXGroup;
			children = (
				C9A39E01274C51A100991003 /* ClearScoreData.swift */,
			);
			path = Model;
			sourceTree = "<group>";
		};
		C9A39E00274C502B00991003 /* Networking */ = {
			isa = PBXGroup;
			children = (
				C9A39E09274C550C00991003 /* CreditReportService.swift */,
				C9A39E07274C548800991003 /* NetworkExecutor.swift */,
				C9A39E03274C530A00991003 /* NetworkProvider.swift */,
				C9A39E05274C540700991003 /* NetworkError.swift */,
			);
			path = Networking;
			sourceTree = "<group>";
		};
		C9A39E0B274C558E00991003 /* Extensions */ = {
			isa = PBXGroup;
			children = (
				C9A39E0C274C56C800991003 /* URLSession.swift */,
				C993DB11275A8933000A7001 /* UIViewController.swift */,
			);
			path = Extensions;
			sourceTree = "<group>";
		};
		C9A39E14274D9E3500991003 /* Shared */ = {
			isa = PBXGroup;
			children = (
				C9A39E12274D89A100991003 /* ClearScoreDashboardNavigationController.swift */,
				C993DB0F275953B2000A7001 /* CreditScoreCircularView.swift */,
			);
			path = Shared;
			sourceTree = "<group>";
		};
		C9A39E15274D9E5300991003 /* ScoreDashboardView */ = {
			isa = PBXGroup;
			children = (
				C9A39E10274D877800991003 /* ScoreDashboardView.swift */,
				C9A39E16274D9F2300991003 /* ScoreDashboardVM.swift */,
				C9A39E0E274D864A00991003 /* ScoreDashboardVC.swift */,
			);
			path = ScoreDashboardView;
			sourceTree = "<group>";
		};
		C9A39E182755653A00991003 /* ScoreDetailsView */ = {
			isa = PBXGroup;
			children = (
				C9A39E192755655800991003 /* ScoreDetailsView.swift */,
				C993DB0D275824DE000A7001 /* ScoreDetailsVM.swift */,
				C9A39E1A275566A300991003 /* ScoreDetailsVC.swift */,
			);
			path = ScoreDetailsView;
			sourceTree = "<group>";
		};
/* End PBXGroup section */

/* Begin PBXNativeTarget section */
		C993DB16275B985E000A7001 /* ClearScoreDashboardTests */ = {
			isa = PBXNativeTarget;
			buildConfigurationList = C993DB1D275B985E000A7001 /* Build configuration list for PBXNativeTarget "ClearScoreDashboardTests" */;
			buildPhases = (
				C993DB13275B985E000A7001 /* Sources */,
				C993DB14275B985E000A7001 /* Frameworks */,
				C993DB15275B985E000A7001 /* Resources */,
			);
			buildRules = (
			);
			dependencies = (
				C993DB1C275B985E000A7001 /* PBXTargetDependency */,
			);
			name = ClearScoreDashboardTests;
			productName = ClearScoreDashboardTests;
			productReference = C993DB17275B985E000A7001 /* ClearScoreDashboardTests.xctest */;
			productType = "com.apple.product-type.bundle.unit-test";
		};
		C9A39DE6274C3C1B00991003 /* ClearScoreDashboard */ = {
			isa = PBXNativeTarget;
			buildConfigurationList = C9A39DFB274C3C1F00991003 /* Build configuration list for PBXNativeTarget "ClearScoreDashboard" */;
			buildPhases = (
				C9A39DE3274C3C1B00991003 /* Sources */,
				C9A39DE4274C3C1B00991003 /* Frameworks */,
				C9A39DE5274C3C1B00991003 /* Resources */,
			);
			buildRules = (
			);
			dependencies = (
			);
			name = ClearScoreDashboard;
			productName = ClearScoreDashboard;
			productReference = C9A39DE7274C3C1B00991003 /* ClearScoreDashboard.app */;
			productType = "com.apple.product-type.application";
		};
/* End PBXNativeTarget section */

/* Begin PBXProject section */
		C9A39DDF274C3C1B00991003 /* Project object */ = {
			isa = PBXProject;
			attributes = {
				BuildIndependentTargetsInParallel = 1;
				LastSwiftUpdateCheck = 1300;
				LastUpgradeCheck = 1300;
				TargetAttributes = {
					C993DB16275B985E000A7001 = {
						CreatedOnToolsVersion = 13.0;
						TestTargetID = C9A39DE6274C3C1B00991003;
					};
					C9A39DE6274C3C1B00991003 = {
						CreatedOnToolsVersion = 13.0;
					};
				};
			};
			buildConfigurationList = C9A39DE2274C3C1B00991003 /* Build configuration list for PBXProject "ClearScoreDashboard" */;
			compatibilityVersion = "Xcode 13.0";
			developmentRegion = en;
			hasScannedForEncodings = 0;
			knownRegions = (
				en,
				Base,
			);
			mainGroup = C9A39DDE274C3C1B00991003;
			productRefGroup = C9A39DE8274C3C1B00991003 /* Products */;
			projectDirPath = "";
			projectRoot = "";
			targets = (
				C9A39DE6274C3C1B00991003 /* ClearScoreDashboard */,
				C993DB16275B985E000A7001 /* ClearScoreDashboardTests */,
			);
		};
/* End PBXProject section */

/* Begin PBXResourcesBuildPhase section */
		C993DB15275B985E000A7001 /* Resources */ = {
			isa = PBXResourcesBuildPhase;
			buildActionMask = 2147483647;
			files = (
			);
			runOnlyForDeploymentPostprocessing = 0;
		};
		C9A39DE5274C3C1B00991003 /* Resources */ = {
			isa = PBXResourcesBuildPhase;
			buildActionMask = 2147483647;
			files = (
				C9A39DF7274C3C1F00991003 /* LaunchScreen.storyboard in Resources */,
				C9A39DF4274C3C1F00991003 /* Assets.xcassets in Resources */,
			);
			runOnlyForDeploymentPostprocessing = 0;
		};
/* End PBXResourcesBuildPhase section */

/* Begin PBXSourcesBuildPhase section */
		C993DB13275B985E000A7001 /* Sources */ = {
			isa = PBXSourcesBuildPhase;
			buildActionMask = 2147483647;
			files = (
				C993DB38275D40FC000A7001 /* MockCreditReportService.swift in Sources */,
				C993DB21275B9E02000A7001 /* NetworkProviderTests.swift in Sources */,
				C993DB30275BB761000A7001 /* NetworkExecutorBehavior.swift in Sources */,
				C993DB32275BB7A3000A7001 /* CustomizableNetworkExecutor.swift in Sources */,
				C993DB34275D3EED000A7001 /* ScoreDashboardVMTests.swift in Sources */,
				C993DB2A275BB2C3000A7001 /* CreditReportStub.swift in Sources */,
			);
			runOnlyForDeploymentPostprocessing = 0;
		};
		C9A39DE3274C3C1B00991003 /* Sources */ = {
			isa = PBXSourcesBuildPhase;
			buildActionMask = 2147483647;
			files = (
				C9A39E0F274D864A00991003 /* ScoreDashboardVC.swift in Sources */,
				C9A39E02274C51A100991003 /* ClearScoreData.swift in Sources */,
				C993DB0A27581E15000A7001 /* UIConstants.swift in Sources */,
				C993DB12275A8933000A7001 /* UIViewController.swift in Sources */,
				C9A39E11274D877800991003 /* ScoreDashboardView.swift in Sources */,
				C9A39E0A274C550C00991003 /* CreditReportService.swift in Sources */,
				C9A39E17274D9F2300991003 /* ScoreDashboardVM.swift in Sources */,
				C993DB0E275824DE000A7001 /* ScoreDetailsVM.swift in Sources */,
				C993DB10275953B2000A7001 /* CreditScoreCircularView.swift in Sources */,
				C9A39E08274C548800991003 /* NetworkExecutor.swift in Sources */,
				C9A39E1C2755683D00991003 /* ScoreDetailsView.swift in Sources */,
				C9A39DEB274C3C1B00991003 /* AppDelegate.swift in Sources */,
				C9A39E1B2755683A00991003 /* ScoreDetailsVC.swift in Sources */,
				C9A39E13274D89A100991003 /* ClearScoreDashboardNavigationController.swift in Sources */,
				C9A39E0D274C56C800991003 /* URLSession.swift in Sources */,
				C9A39E06274C540700991003 /* NetworkError.swift in Sources */,
				C9A39DED274C3C1B00991003 /* SceneDelegate.swift in Sources */,
				C9A39E04274C530A00991003 /* NetworkProvider.swift in Sources */,
			);
			runOnlyForDeploymentPostprocessing = 0;
		};
/* End PBXSourcesBuildPhase section */

/* Begin PBXTargetDependency section */
		C993DB1C275B985E000A7001 /* PBXTargetDependency */ = {
			isa = PBXTargetDependency;
			target = C9A39DE6274C3C1B00991003 /* ClearScoreDashboard */;
			targetProxy = C993DB1B275B985E000A7001 /* PBXContainerItemProxy */;
		};
/* End PBXTargetDependency section */

/* Begin PBXVariantGroup section */
		C9A39DF5274C3C1F00991003 /* LaunchScreen.storyboard */ = {
			isa = PBXVariantGroup;
			children = (
				C9A39DF6274C3C1F00991003 /* Base */,
			);
			name = LaunchScreen.storyboard;
			sourceTree = "<group>";
		};
/* End PBXVariantGroup section */

/* Begin XCBuildConfiguration section */
		C993DB1E275B985E000A7001 /* Debug */ = {
			isa = XCBuildConfiguration;
			buildSettings = {
				BUNDLE_LOADER = "$(TEST_HOST)";
				CODE_SIGN_STYLE = Automatic;
				CURRENT_PROJECT_VERSION = 1;
				DEVELOPMENT_TEAM = 7U8H9SK8NB;
				GENERATE_INFOPLIST_FILE = YES;
				LD_RUNPATH_SEARCH_PATHS = (
					"$(inherited)",
					"@executable_path/Frameworks",
					"@loader_path/Frameworks",
				);
				MARKETING_VERSION = 1.0;
				PRODUCT_BUNDLE_IDENTIFIER = com.andrasPal.ClearScoreDashboardTests;
				PRODUCT_NAME = "$(TARGET_NAME)";
				SWIFT_EMIT_LOC_STRINGS = NO;
				SWIFT_VERSION = 5.0;
				TARGETED_DEVICE_FAMILY = "1,2";
				TEST_HOST = "$(BUILT_PRODUCTS_DIR)/ClearScoreDashboard.app/ClearScoreDashboard";
			};
			name = Debug;
		};
		C993DB1F275B985E000A7001 /* Release */ = {
			isa = XCBuildConfiguration;
			buildSettings = {
				BUNDLE_LOADER = "$(TEST_HOST)";
				CODE_SIGN_STYLE = Automatic;
				CURRENT_PROJECT_VERSION = 1;
				DEVELOPMENT_TEAM = 7U8H9SK8NB;
				GENERATE_INFOPLIST_FILE = YES;
				LD_RUNPATH_SEARCH_PATHS = (
					"$(inherited)",
					"@executable_path/Frameworks",
					"@loader_path/Frameworks",
				);
				MARKETING_VERSION = 1.0;
				PRODUCT_BUNDLE_IDENTIFIER = com.andrasPal.ClearScoreDashboardTests;
				PRODUCT_NAME = "$(TARGET_NAME)";
				SWIFT_EMIT_LOC_STRINGS = NO;
				SWIFT_VERSION = 5.0;
				TARGETED_DEVICE_FAMILY = "1,2";
				TEST_HOST = "$(BUILT_PRODUCTS_DIR)/ClearScoreDashboard.app/ClearScoreDashboard";
			};
			name = Release;
		};
		C9A39DF9274C3C1F00991003 /* Debug */ = {
			isa = XCBuildConfiguration;
			buildSettings = {
				ALWAYS_SEARCH_USER_PATHS = NO;
				CLANG_ANALYZER_NONNULL = YES;
				CLANG_ANALYZER_NUMBER_OBJECT_CONVERSION = YES_AGGRESSIVE;
				CLANG_CXX_LANGUAGE_STANDARD = "gnu++17";
				CLANG_CXX_LIBRARY = "libc++";
				CLANG_ENABLE_MODULES = YES;
				CLANG_ENABLE_OBJC_ARC = YES;
				CLANG_ENABLE_OBJC_WEAK = YES;
				CLANG_WARN_BLOCK_CAPTURE_AUTORELEASING = YES;
				CLANG_WARN_BOOL_CONVERSION = YES;
				CLANG_WARN_COMMA = YES;
				CLANG_WARN_CONSTANT_CONVERSION = YES;
				CLANG_WARN_DEPRECATED_OBJC_IMPLEMENTATIONS = YES;
				CLANG_WARN_DIRECT_OBJC_ISA_USAGE = YES_ERROR;
				CLANG_WARN_DOCUMENTATION_COMMENTS = YES;
				CLANG_WARN_EMPTY_BODY = YES;
				CLANG_WARN_ENUM_CONVERSION = YES;
				CLANG_WARN_INFINITE_RECURSION = YES;
				CLANG_WARN_INT_CONVERSION = YES;
				CLANG_WARN_NON_LITERAL_NULL_CONVERSION = YES;
				CLANG_WARN_OBJC_IMPLICIT_RETAIN_SELF = YES;
				CLANG_WARN_OBJC_LITERAL_CONVERSION = YES;
				CLANG_WARN_OBJC_ROOT_CLASS = YES_ERROR;
				CLANG_WARN_QUOTED_INCLUDE_IN_FRAMEWORK_HEADER = YES;
				CLANG_WARN_RANGE_LOOP_ANALYSIS = YES;
				CLANG_WARN_STRICT_PROTOTYPES = YES;
				CLANG_WARN_SUSPICIOUS_MOVE = YES;
				CLANG_WARN_UNGUARDED_AVAILABILITY = YES_AGGRESSIVE;
				CLANG_WARN_UNREACHABLE_CODE = YES;
				CLANG_WARN__DUPLICATE_METHOD_MATCH = YES;
				COPY_PHASE_STRIP = NO;
				DEBUG_INFORMATION_FORMAT = dwarf;
				ENABLE_STRICT_OBJC_MSGSEND = YES;
				ENABLE_TESTABILITY = YES;
				GCC_C_LANGUAGE_STANDARD = gnu11;
				GCC_DYNAMIC_NO_PIC = NO;
				GCC_NO_COMMON_BLOCKS = YES;
				GCC_OPTIMIZATION_LEVEL = 0;
				GCC_PREPROCESSOR_DEFINITIONS = (
					"DEBUG=1",
					"$(inherited)",
				);
				GCC_WARN_64_TO_32_BIT_CONVERSION = YES;
				GCC_WARN_ABOUT_RETURN_TYPE = YES_ERROR;
				GCC_WARN_UNDECLARED_SELECTOR = YES;
				GCC_WARN_UNINITIALIZED_AUTOS = YES_AGGRESSIVE;
				GCC_WARN_UNUSED_FUNCTION = YES;
				GCC_WARN_UNUSED_VARIABLE = YES;
				IPHONEOS_DEPLOYMENT_TARGET = 15.0;
				MTL_ENABLE_DEBUG_INFO = INCLUDE_SOURCE;
				MTL_FAST_MATH = YES;
				ONLY_ACTIVE_ARCH = YES;
				SDKROOT = iphoneos;
				SWIFT_ACTIVE_COMPILATION_CONDITIONS = DEBUG;
				SWIFT_OPTIMIZATION_LEVEL = "-Onone";
			};
			name = Debug;
		};
		C9A39DFA274C3C1F00991003 /* Release */ = {
			isa = XCBuildConfiguration;
			buildSettings = {
				ALWAYS_SEARCH_USER_PATHS = NO;
				CLANG_ANALYZER_NONNULL = YES;
				CLANG_ANALYZER_NUMBER_OBJECT_CONVERSION = YES_AGGRESSIVE;
				CLANG_CXX_LANGUAGE_STANDARD = "gnu++17";
				CLANG_CXX_LIBRARY = "libc++";
				CLANG_ENABLE_MODULES = YES;
				CLANG_ENABLE_OBJC_ARC = YES;
				CLANG_ENABLE_OBJC_WEAK = YES;
				CLANG_WARN_BLOCK_CAPTURE_AUTORELEASING = YES;
				CLANG_WARN_BOOL_CONVERSION = YES;
				CLANG_WARN_COMMA = YES;
				CLANG_WARN_CONSTANT_CONVERSION = YES;
				CLANG_WARN_DEPRECATED_OBJC_IMPLEMENTATIONS = YES;
				CLANG_WARN_DIRECT_OBJC_ISA_USAGE = YES_ERROR;
				CLANG_WARN_DOCUMENTATION_COMMENTS = YES;
				CLANG_WARN_EMPTY_BODY = YES;
				CLANG_WARN_ENUM_CONVERSION = YES;
				CLANG_WARN_INFINITE_RECURSION = YES;
				CLANG_WARN_INT_CONVERSION = YES;
				CLANG_WARN_NON_LITERAL_NULL_CONVERSION = YES;
				CLANG_WARN_OBJC_IMPLICIT_RETAIN_SELF = YES;
				CLANG_WARN_OBJC_LITERAL_CONVERSION = YES;
				CLANG_WARN_OBJC_ROOT_CLASS = YES_ERROR;
				CLANG_WARN_QUOTED_INCLUDE_IN_FRAMEWORK_HEADER = YES;
				CLANG_WARN_RANGE_LOOP_ANALYSIS = YES;
				CLANG_WARN_STRICT_PROTOTYPES = YES;
				CLANG_WARN_SUSPICIOUS_MOVE = YES;
				CLANG_WARN_UNGUARDED_AVAILABILITY = YES_AGGRESSIVE;
				CLANG_WARN_UNREACHABLE_CODE = YES;
				CLANG_WARN__DUPLICATE_METHOD_MATCH = YES;
				COPY_PHASE_STRIP = NO;
				DEBUG_INFORMATION_FORMAT = "dwarf-with-dsym";
				ENABLE_NS_ASSERTIONS = NO;
				ENABLE_STRICT_OBJC_MSGSEND = YES;
				GCC_C_LANGUAGE_STANDARD = gnu11;
				GCC_NO_COMMON_BLOCKS = YES;
				GCC_WARN_64_TO_32_BIT_CONVERSION = YES;
				GCC_WARN_ABOUT_RETURN_TYPE = YES_ERROR;
				GCC_WARN_UNDECLARED_SELECTOR = YES;
				GCC_WARN_UNINITIALIZED_AUTOS = YES_AGGRESSIVE;
				GCC_WARN_UNUSED_FUNCTION = YES;
				GCC_WARN_UNUSED_VARIABLE = YES;
				IPHONEOS_DEPLOYMENT_TARGET = 15.0;
				MTL_ENABLE_DEBUG_INFO = NO;
				MTL_FAST_MATH = YES;
				SDKROOT = iphoneos;
				SWIFT_COMPILATION_MODE = wholemodule;
				SWIFT_OPTIMIZATION_LEVEL = "-O";
				VALIDATE_PRODUCT = YES;
			};
			name = Release;
		};
		C9A39DFC274C3C1F00991003 /* Debug */ = {
			isa = XCBuildConfiguration;
			buildSettings = {
				ASSETCATALOG_COMPILER_APPICON_NAME = AppIcon;
				ASSETCATALOG_COMPILER_GLOBAL_ACCENT_COLOR_NAME = AccentColor;
				CODE_SIGN_STYLE = Automatic;
				CURRENT_PROJECT_VERSION = 1;
				DEVELOPMENT_TEAM = 7U8H9SK8NB;
				GENERATE_INFOPLIST_FILE = YES;
				INFOPLIST_FILE = ClearScoreDashboard/Info.plist;
				INFOPLIST_KEY_UIApplicationSupportsIndirectInputEvents = YES;
				INFOPLIST_KEY_UILaunchStoryboardName = LaunchScreen;
				INFOPLIST_KEY_UISupportedInterfaceOrientations_iPad = "UIInterfaceOrientationPortrait UIInterfaceOrientationPortraitUpsideDown UIInterfaceOrientationLandscapeLeft UIInterfaceOrientationLandscapeRight";
				INFOPLIST_KEY_UISupportedInterfaceOrientations_iPhone = UIInterfaceOrientationPortrait;
				LD_RUNPATH_SEARCH_PATHS = (
					"$(inherited)",
					"@executable_path/Frameworks",
				);
				MARKETING_VERSION = 0.1;
				PRODUCT_BUNDLE_IDENTIFIER = com.andrasPal.ClearScoreDashboard;
				PRODUCT_NAME = "$(TARGET_NAME)";
				SWIFT_EMIT_LOC_STRINGS = YES;
				SWIFT_VERSION = 5.0;
				TARGETED_DEVICE_FAMILY = 1;
			};
			name = Debug;
		};
		C9A39DFD274C3C1F00991003 /* Release */ = {
			isa = XCBuildConfiguration;
			buildSettings = {
				ASSETCATALOG_COMPILER_APPICON_NAME = AppIcon;
				ASSETCATALOG_COMPILER_GLOBAL_ACCENT_COLOR_NAME = AccentColor;
				CODE_SIGN_STYLE = Automatic;
				CURRENT_PROJECT_VERSION = 1;
				DEVELOPMENT_TEAM = 7U8H9SK8NB;
				GENERATE_INFOPLIST_FILE = YES;
				INFOPLIST_FILE = ClearScoreDashboard/Info.plist;
				INFOPLIST_KEY_UIApplicationSupportsIndirectInputEvents = YES;
				INFOPLIST_KEY_UILaunchStoryboardName = LaunchScreen;
				INFOPLIST_KEY_UISupportedInterfaceOrientations_iPad = "UIInterfaceOrientationPortrait UIInterfaceOrientationPortraitUpsideDown UIInterfaceOrientationLandscapeLeft UIInterfaceOrientationLandscapeRight";
				INFOPLIST_KEY_UISupportedInterfaceOrientations_iPhone = UIInterfaceOrientationPortrait;
				LD_RUNPATH_SEARCH_PATHS = (
					"$(inherited)",
					"@executable_path/Frameworks",
				);
				MARKETING_VERSION = 0.1;
				PRODUCT_BUNDLE_IDENTIFIER = com.andrasPal.ClearScoreDashboard;
				PRODUCT_NAME = "$(TARGET_NAME)";
				SWIFT_EMIT_LOC_STRINGS = YES;
				SWIFT_VERSION = 5.0;
				TARGETED_DEVICE_FAMILY = 1;
			};
			name = Release;
		};
/* End XCBuildConfiguration section */

/* Begin XCConfigurationList section */
		C993DB1D275B985E000A7001 /* Build configuration list for PBXNativeTarget "ClearScoreDashboardTests" */ = {
			isa = XCConfigurationList;
			buildConfigurations = (
				C993DB1E275B985E000A7001 /* Debug */,
				C993DB1F275B985E000A7001 /* Release */,
			);
			defaultConfigurationIsVisible = 0;
			defaultConfigurationName = Release;
		};
		C9A39DE2274C3C1B00991003 /* Build configuration list for PBXProject "ClearScoreDashboard" */ = {
			isa = XCConfigurationList;
			buildConfigurations = (
				C9A39DF9274C3C1F00991003 /* Debug */,
				C9A39DFA274C3C1F00991003 /* Release */,
			);
			defaultConfigurationIsVisible = 0;
			defaultConfigurationName = Release;
		};
		C9A39DFB274C3C1F00991003 /* Build configuration list for PBXNativeTarget "ClearScoreDashboard" */ = {
			isa = XCConfigurationList;
			buildConfigurations = (
				C9A39DFC274C3C1F00991003 /* Debug */,
				C9A39DFD274C3C1F00991003 /* Release */,
			);
			defaultConfigurationIsVisible = 0;
			defaultConfigurationName = Release;
		};
/* End XCConfigurationList section */
	};
	rootObject = C9A39DDF274C3C1B00991003 /* Project object */;
}
